
Microsoft Visual Studio Solution File, Format Version 12.00
# Visual Studio Version 17
VisualStudioVersion = 17.5.002.0
MinimumVisualStudioVersion = 10.0.40219.1
Project("{9A19103F-16F7-4668-BE54-9A1E7A4F7556}") = "Hello", "Hello.csproj", "{6C301B67-5999-4563-9E39-0129E54BC1CA}"
EndProject
Global
	GlobalSection(SolutionConfigurationPlatforms) = preSolution
		Debug|Any CPU = Debug|Any CPU
		Release|Any CPU = Release|Any CPU
	EndGlobalSection
	GlobalSection(ProjectConfigurationPlatforms) = postSolution
		{6C301B67-5999-4563-9E39-0129E54BC1CA}.Debug|Any CPU.ActiveCfg = Debug|Any CPU
		{6C301B67-5999-4563-9E39-0129E54BC1CA}.Debug|Any CPU.Build.0 = Debug|Any CPU
		{6C301B67-5999-4563-9E39-0129E54BC1CA}.Release|Any CPU.ActiveCfg = Release|Any CPU
		{6C301B67-5999-4563-9E39-0129E54BC1CA}.Release|Any CPU.Build.0 = Release|Any CPU
	EndGlobalSection
	GlobalSection(SolutionProperties) = preSolution
		HideSolutionNode = FALSE
	EndGlobalSection
	GlobalSection(ExtensibilityGlobals) = postSolution
		SolutionGuid = {B66C97E7-E3FD-4138-8861-CEBC82173115}
	EndGlobalSection
EndGlobal
